
Microsoft Visual Studio Solution File, Format Version 12.00
# Visual Studio Version 17
VisualStudioVersion = 17.9.34622.214
MinimumVisualStudioVersion = 10.0.40219.1
Project("{FAE04EC0-301F-11D3-BF4B-00C04F79EFBC}") = "RSSDockerRazor", "RSSDockerRazor\RSSDockerRazor.csproj", "{2A1EB063-FC7F-42C7-BB36-BB44DEB16B3D}"
EndProject
Global
	GlobalSection(SolutionConfigurationPlatforms) = preSolution
		Debug|Any CPU = Debug|Any CPU
		Release|Any CPU = Release|Any CPU
	EndGlobalSection
	GlobalSection(ProjectConfigurationPlatforms) = postSolution
		{2A1EB063-FC7F-42C7-BB36-BB44DEB16B3D}.Debug|Any CPU.ActiveCfg = Debug|Any CPU
		{2A1EB063-FC7F-42C7-BB36-BB44DEB16B3D}.Debug|Any CPU.Build.0 = Debug|Any CPU
		{2A1EB063-FC7F-42C7-BB36-BB44DEB16B3D}.Release|Any CPU.ActiveCfg = Release|Any CPU
		{2A1EB063-FC7F-42C7-BB36-BB44DEB16B3D}.Release|Any CPU.Build.0 = Release|Any CPU
	EndGlobalSection
	GlobalSection(SolutionProperties) = preSolution
		HideSolutionNode = FALSE
	EndGlobalSection
	GlobalSection(ExtensibilityGlobals) = postSolution
		SolutionGuid = {E9B11CED-5803-49D8-983E-258DEE9A4BD5}
	EndGlobalSection
EndGlobal
